
Microsoft Visual Studio Solution File, Format Version 11.00
# Visual Studio 2010
Project("{FAE04EC0-301F-11D3-BF4B-00C04F79EFBC}") = "TestFramework", "TestFramework.csproj", "{2C4A638F-08BD-4D38-B301-4583E5F8B4F2}"
EndProject
Project("{FAE04EC0-301F-11D3-BF4B-00C04F79EFBC}") = "Tests", "..\Tests\Tests.csproj", "{DF73074D-AB9A-490D-AC08-DCE9A5540F3B}"
EndProject
Project("{2150E333-8FDC-42A3-9474-1A3956D46DE8}") = "Solution Items", "Solution Items", "{3A03A50E-F2DA-489E-9421-B432A40524D7}"
	ProjectSection(SolutionItems) = preProject
		Local.testsettings = Local.testsettings
		TestFramework.vsmdi = TestFramework.vsmdi
		TraceAndTestImpact.testsettings = TraceAndTestImpact.testsettings
	EndProjectSection
EndProject
Global
	GlobalSection(TestCaseManagementSettings) = postSolution
		CategoryFile = TestFramework.vsmdi
	EndGlobalSection
	GlobalSection(SolutionConfigurationPlatforms) = preSolution
		Debug|Any CPU = Debug|Any CPU
		Release|Any CPU = Release|Any CPU
	EndGlobalSection
	GlobalSection(ProjectConfigurationPlatforms) = postSolution
		{2C4A638F-08BD-4D38-B301-4583E5F8B4F2}.Debug|Any CPU.ActiveCfg = Debug|Any CPU
		{2C4A638F-08BD-4D38-B301-4583E5F8B4F2}.Debug|Any CPU.Build.0 = Debug|Any CPU
		{2C4A638F-08BD-4D38-B301-4583E5F8B4F2}.Release|Any CPU.ActiveCfg = Release|Any CPU
		{2C4A638F-08BD-4D38-B301-4583E5F8B4F2}.Release|Any CPU.Build.0 = Release|Any CPU
		{DF73074D-AB9A-490D-AC08-DCE9A5540F3B}.Debug|Any CPU.ActiveCfg = Debug|Any CPU
		{DF73074D-AB9A-490D-AC08-DCE9A5540F3B}.Debug|Any CPU.Build.0 = Debug|Any CPU
		{DF73074D-AB9A-490D-AC08-DCE9A5540F3B}.Release|Any CPU.ActiveCfg = Release|Any CPU
		{DF73074D-AB9A-490D-AC08-DCE9A5540F3B}.Release|Any CPU.Build.0 = Release|Any CPU
	EndGlobalSection
	GlobalSection(SolutionProperties) = preSolution
		HideSolutionNode = FALSE
	EndGlobalSection
EndGlobal
